{
	"name": "@beyond-js/txt-bundle",
	"version": "1.0.0",
	"lockfileVersion": 3,
	"requires": true,
	"packages": {
		"": {
			"name": "@beyond-js/txt-bundle",
			"version": "1.0.0",
			"license": "ISC",
			"dependencies": {
				"@beyond-js/crc32": "^0.0.1",
				"@beyond-js/dynamic-processor": "^0.0.2",
				"concat-with-sourcemaps": "^1.1.0"
			}
		},
		"node_modules/@beyond-js/crc32": {
			"version": "0.0.1",
			"resolved": "https://registry.npmjs.org/@beyond-js/crc32/-/crc32-0.0.1.tgz",
			"integrity": "sha512-tBk8q1VHJWyBUIlYTpY92lWB/BiHWhrlYJaK4x1gtuiAe/sqo95UcQb4YdLRvQzJFs/Lp1RMZIHzfuNUAHY9dg=="
		},
		"node_modules/@beyond-js/dynamic-processor": {
			"version": "0.0.2",
			"resolved": "https://registry.npmjs.org/@beyond-js/dynamic-processor/-/dynamic-processor-0.0.2.tgz",
			"integrity": "sha512-XuYtO5S1zm9sdRCIlfhuReBm8G4+eOY2A3dx//aAzbl2CE5QniwGvYt2v0Q3VjPgnWG1JvDBHUBIOHU39hXpog==",
			"dependencies": {
				"@beyond-js/pending-promise": "^0.0.1"
			}
		},
		"node_modules/@beyond-js/pending-promise": {
			"version": "0.0.1",
			"resolved": "https://registry.npmjs.org/@beyond-js/pending-promise/-/pending-promise-0.0.1.tgz",
			"integrity": "sha512-n7W/yb0MzK08VqLcCqlICaFOka3+himX3Phnrm2JO2UbBHKAeaGZrnOb+XXjqBiGhZmo6+TpJlAt7g9X3QapSQ=="
		},
		"node_modules/concat-with-sourcemaps": {
			"version": "1.1.0",
			"resolved": "https://registry.npmjs.org/concat-with-sourcemaps/-/concat-with-sourcemaps-1.1.0.tgz",
			"integrity": "sha512-4gEjHJFT9e+2W/77h/DS5SGUgwDaOwprX8L/gl5+3ixnzkVJJsZWDSelmN3Oilw3LNDZjZV0yqH1hLG3k6nghg==",
			"dependencies": {
				"source-map": "^0.6.1"
			}
		},
		"node_modules/source-map": {
			"version": "0.6.1",
			"resolved": "https://registry.npmjs.org/source-map/-/source-map-0.6.1.tgz",
			"integrity": "sha512-UjgapumWlbMhkBgzT7Ykc5YXUT46F0iKu8SGXq0bcwP5dz/h0Plj6enJqjz1Zbq2l5WaqYnrVbwWOWMyF3F47g==",
			"engines": {
				"node": ">=0.10.0"
			}
		}
	}
}
